
Microsoft Visual Studio Solution File, Format Version 12.00
# Visual Studio 15
VisualStudioVersion = 15.0.28307.902
MinimumVisualStudioVersion = 10.0.40219.1
Project("{FAE04EC0-301F-11D3-BF4B-00C04F79EFBC}") = "ListviewCommand.Android", "ListviewCommand\ListviewCommand.Android\ListviewCommand.Android.csproj", "{57582B82-8F5B-4EE8-8A1B-9DF8E305F343}"
EndProject
Project("{FAE04EC0-301F-11D3-BF4B-00C04F79EFBC}") = "ListviewCommand.iOS", "ListviewCommand\ListviewCommand.iOS\ListviewCommand.iOS.csproj", "{F74E50E5-727C-47EF-97CF-9755259996C2}"
EndProject
Project("{FAE04EC0-301F-11D3-BF4B-00C04F79EFBC}") = "ListviewCommand.UWP", "ListviewCommand\ListviewCommand.UWP\ListviewCommand.UWP.csproj", "{A968C56F-FDE6-466B-8E2B-8CF3EC333BAE}"
EndProject
Project("{FAE04EC0-301F-11D3-BF4B-00C04F79EFBC}") = "ListviewCommand", "ListviewCommand\ListviewCommand\ListviewCommand.csproj", "{079F434B-CB7C-4F35-902E-3AEBC6E1ABDD}"
EndProject
Global
	GlobalSection(SolutionConfigurationPlatforms) = preSolution
		Ad-Hoc|Any CPU = Ad-Hoc|Any CPU
		Ad-Hoc|ARM = Ad-Hoc|ARM
		Ad-Hoc|iPhone = Ad-Hoc|iPhone
		Ad-Hoc|iPhoneSimulator = Ad-Hoc|iPhoneSimulator
		Ad-Hoc|x64 = Ad-Hoc|x64
		Ad-Hoc|x86 = Ad-Hoc|x86
		AppStore|Any CPU = AppStore|Any CPU
		AppStore|ARM = AppStore|ARM
		AppStore|iPhone = AppStore|iPhone
		AppStore|iPhoneSimulator = AppStore|iPhoneSimulator
		AppStore|x64 = AppStore|x64
		AppStore|x86 = AppStore|x86
		Debug|Any CPU = Debug|Any CPU
		Debug|ARM = Debug|ARM
		Debug|iPhone = Debug|iPhone
		Debug|iPhoneSimulator = Debug|iPhoneSimulator
		Debug|x64 = Debug|x64
		Debug|x86 = Debug|x86
		Release|Any CPU = Release|Any CPU
		Release|ARM = Release|ARM
		Release|iPhone = Release|iPhone
		Release|iPhoneSimulator = Release|iPhoneSimulator
		Release|x64 = Release|x64
		Release|x86 = Release|x86
	EndGlobalSection
	GlobalSection(ProjectConfigurationPlatforms) = postSolution
		{57582B82-8F5B-4EE8-8A1B-9DF8E305F343}.Ad-Hoc|Any CPU.ActiveCfg = Release|Any CPU
		{57582B82-8F5B-4EE8-8A1B-9DF8E305F343}.Ad-Hoc|Any CPU.Build.0 = Release|Any CPU
		{57582B82-8F5B-4EE8-8A1B-9DF8E305F343}.Ad-Hoc|Any CPU.Deploy.0 = Release|Any CPU
		{57582B82-8F5B-4EE8-8A1B-9DF8E305F343}.Ad-Hoc|ARM.ActiveCfg = Release|Any CPU
		{57582B82-8F5B-4EE8-8A1B-9DF8E305F343}.Ad-Hoc|ARM.Build.0 = Release|Any CPU
		{57582B82-8F5B-4EE8-8A1B-9DF8E305F343}.Ad-Hoc|ARM.Deploy.0 = Release|Any CPU
		{57582B82-8F5B-4EE8-8A1B-9DF8E305F343}.Ad-Hoc|iPhone.ActiveCfg = Release|Any CPU
		{57582B82-8F5B-4EE8-8A1B-9DF8E305F343}.Ad-Hoc|iPhone.Build.0 = Release|Any CPU
		{57582B82-8F5B-4EE8-8A1B-9DF8E305F343}.Ad-Hoc|iPhone.Deploy.0 = Release|Any CPU
		{57582B82-8F5B-4EE8-8A1B-9DF8E305F343}.Ad-Hoc|iPhoneSimulator.ActiveCfg = Release|Any CPU
		{57582B82-8F5B-4EE8-8A1B-9DF8E305F343}.Ad-Hoc|iPhoneSimulator.Build.0 = Release|Any CPU
		{57582B82-8F5B-4EE8-8A1B-9DF8E305F343}.Ad-Hoc|iPhoneSimulator.Deploy.0 = Release|Any CPU
		{57582B82-8F5B-4EE8-8A1B-9DF8E305F343}.Ad-Hoc|x64.ActiveCfg = Release|Any CPU
		{57582B82-8F5B-4EE8-8A1B-9DF8E305F343}.Ad-Hoc|x64.Build.0 = Release|Any CPU
		{57582B82-8F5B-4EE8-8A1B-9DF8E305F343}.Ad-Hoc|x64.Deploy.0 = Release|Any CPU
		{57582B82-8F5B-4EE8-8A1B-9DF8E305F343}.Ad-Hoc|x86.ActiveCfg = Release|Any CPU
		{57582B82-8F5B-4EE8-8A1B-9DF8E305F343}.Ad-Hoc|x86.Build.0 = Release|Any CPU
		{57582B82-8F5B-4EE8-8A1B-9DF8E305F343}.Ad-Hoc|x86.Deploy.0 = Release|Any CPU
		{57582B82-8F5B-4EE8-8A1B-9DF8E305F343}.AppStore|Any CPU.ActiveCfg = Release|Any CPU
		{57582B82-8F5B-4EE8-8A1B-9DF8E305F343}.AppStore|Any CPU.Build.0 = Release|Any CPU
		{57582B82-8F5B-4EE8-8A1B-9DF8E305F343}.AppStore|Any CPU.Deploy.0 = Release|Any CPU
		{57582B82-8F5B-4EE8-8A1B-9DF8E305F343}.AppStore|ARM.ActiveCfg = Release|Any CPU
		{57582B82-8F5B-4EE8-8A1B-9DF8E305F343}.AppStore|ARM.Build.0 = Release|Any CPU
		{57582B82-8F5B-4EE8-8A1B-9DF8E305F343}.AppStore|ARM.Deploy.0 = Release|Any CPU
		{57582B82-8F5B-4EE8-8A1B-9DF8E305F343}.AppStore|iPhone.ActiveCfg = Release|Any CPU
		{57582B82-8F5B-4EE8-8A1B-9DF8E305F343}.AppStore|iPhone.Build.0 = Release|Any CPU
		{57582B82-8F5B-4EE8-8A1B-9DF8E305F343}.AppStore|iPhone.Deploy.0 = Release|Any CPU
		{57582B82-8F5B-4EE8-8A1B-9DF8E305F343}.AppStore|iPhoneSimulator.ActiveCfg = Release|Any CPU
		{57582B82-8F5B-4EE8-8A1B-9DF8E305F343}.AppStore|iPhoneSimulator.Build.0 = Release|Any CPU
		{57582B82-8F5B-4EE8-8A1B-9DF8E305F343}.AppStore|iPhoneSimulator.Deploy.0 = Release|Any CPU
		{57582B82-8F5B-4EE8-8A1B-9DF8E305F343}.AppStore|x64.ActiveCfg = Release|Any CPU
		{57582B82-8F5B-4EE8-8A1B-9DF8E305F343}.AppStore|x64.Build.0 = Release|Any CPU
		{57582B82-8F5B-4EE8-8A1B-9DF8E305F343}.AppStore|x64.Deploy.0 = Release|Any CPU
		{57582B82-8F5B-4EE8-8A1B-9DF8E305F343}.AppStore|x86.ActiveCfg = Release|Any CPU
		{57582B82-8F5B-4EE8-8A1B-9DF8E305F343}.AppStore|x86.Build.0 = Release|Any CPU
		{57582B82-8F5B-4EE8-8A1B-9DF8E305F343}.AppStore|x86.Deploy.0 = Release|Any CPU
		{57582B82-8F5B-4EE8-8A1B-9DF8E305F343}.Debug|Any CPU.ActiveCfg = Debug|Any CPU
		{57582B82-8F5B-4EE8-8A1B-9DF8E305F343}.Debug|Any CPU.Build.0 = Debug|Any CPU
		{57582B82-8F5B-4EE8-8A1B-9DF8E305F343}.Debug|Any CPU.Deploy.0 = Debug|Any CPU
		{57582B82-8F5B-4EE8-8A1B-9DF8E305F343}.Debug|ARM.ActiveCfg = Debug|Any CPU
		{57582B82-8F5B-4EE8-8A1B-9DF8E305F343}.Debug|ARM.Build.0 = Debug|Any CPU
		{57582B82-8F5B-4EE8-8A1B-9DF8E305F343}.Debug|ARM.Deploy.0 = Debug|Any CPU
		{57582B82-8F5B-4EE8-8A1B-9DF8E305F343}.Debug|iPhone.ActiveCfg = Debug|Any CPU
		{57582B82-8F5B-4EE8-8A1B-9DF8E305F343}.Debug|iPhone.Build.0 = Debug|Any CPU
		{57582B82-8F5B-4EE8-8A1B-9DF8E305F343}.Debug|iPhone.Deploy.0 = Debug|Any CPU
		{57582B82-8F5B-4EE8-8A1B-9DF8E305F343}.Debug|iPhoneSimulator.ActiveCfg = Debug|Any CPU
		{57582B82-8F5B-4EE8-8A1B-9DF8E305F343}.Debug|iPhoneSimulator.Build.0 = Debug|Any CPU
		{57582B82-8F5B-4EE8-8A1B-9DF8E305F343}.Debug|iPhoneSimulator.Deploy.0 = Debug|Any CPU
		{57582B82-8F5B-4EE8-8A1B-9DF8E305F343}.Debug|x64.ActiveCfg = Debug|Any CPU
		{57582B82-8F5B-4EE8-8A1B-9DF8E305F343}.Debug|x64.Build.0 = Debug|Any CPU
		{57582B82-8F5B-4EE8-8A1B-9DF8E305F343}.Debug|x64.Deploy.0 = Debug|Any CPU
		{57582B82-8F5B-4EE8-8A1B-9DF8E305F343}.Debug|x86.ActiveCfg = Debug|Any CPU
		{57582B82-8F5B-4EE8-8A1B-9DF8E305F343}.Debug|x86.Build.0 = Debug|Any CPU
		{57582B82-8F5B-4EE8-8A1B-9DF8E305F343}.Debug|x86.Deploy.0 = Debug|Any CPU
		{57582B82-8F5B-4EE8-8A1B-9DF8E305F343}.Release|Any CPU.ActiveCfg = Release|Any CPU
		{57582B82-8F5B-4EE8-8A1B-9DF8E305F343}.Release|Any CPU.Build.0 = Release|Any CPU
		{57582B82-8F5B-4EE8-8A1B-9DF8E305F343}.Release|Any CPU.Deploy.0 = Release|Any CPU
		{57582B82-8F5B-4EE8-8A1B-9DF8E305F343}.Release|ARM.ActiveCfg = Release|Any CPU
		{57582B82-8F5B-4EE8-8A1B-9DF8E305F343}.Release|ARM.Build.0 = Release|Any CPU
		{57582B82-8F5B-4EE8-8A1B-9DF8E305F343}.Release|ARM.Deploy.0 = Release|Any CPU
		{57582B82-8F5B-4EE8-8A1B-9DF8E305F343}.Release|iPhone.ActiveCfg = Release|Any CPU
		{57582B82-8F5B-4EE8-8A1B-9DF8E305F343}.Release|iPhone.Build.0 = Release|Any CPU
		{57582B82-8F5B-4EE8-8A1B-9DF8E305F343}.Release|iPhone.Deploy.0 = Release|Any CPU
		{57582B82-8F5B-4EE8-8A1B-9DF8E305F343}.Release|iPhoneSimulator.ActiveCfg = Release|Any CPU
		{57582B82-8F5B-4EE8-8A1B-9DF8E305F343}.Release|iPhoneSimulator.Build.0 = Release|Any CPU
		{57582B82-8F5B-4EE8-8A1B-9DF8E305F343}.Release|iPhoneSimulator.Deploy.0 = Release|Any CPU
		{57582B82-8F5B-4EE8-8A1B-9DF8E305F343}.Release|x64.ActiveCfg = Release|Any CPU
		{57582B82-8F5B-4EE8-8A1B-9DF8E305F343}.Release|x64.Build.0 = Release|Any CPU
		{57582B82-8F5B-4EE8-8A1B-9DF8E305F343}.Release|x64.Deploy.0 = Release|Any CPU
		{57582B82-8F5B-4EE8-8A1B-9DF8E305F343}.Release|x86.ActiveCfg = Release|Any CPU
		{57582B82-8F5B-4EE8-8A1B-9DF8E305F343}.Release|x86.Build.0 = Release|Any CPU
		{57582B82-8F5B-4EE8-8A1B-9DF8E305F343}.Release|x86.Deploy.0 = Release|Any CPU
		{F74E50E5-727C-47EF-97CF-9755259996C2}.Ad-Hoc|Any CPU.ActiveCfg = Ad-Hoc|iPhone
		{F74E50E5-727C-47EF-97CF-9755259996C2}.Ad-Hoc|Any CPU.Build.0 = Ad-Hoc|iPhone
		{F74E50E5-727C-47EF-97CF-9755259996C2}.Ad-Hoc|Any CPU.Deploy.0 = Ad-Hoc|iPhone
		{F74E50E5-727C-47EF-97CF-9755259996C2}.Ad-Hoc|ARM.ActiveCfg = Ad-Hoc|iPhone
		{F74E50E5-727C-47EF-97CF-9755259996C2}.Ad-Hoc|ARM.Build.0 = Ad-Hoc|iPhone
		{F74E50E5-727C-47EF-97CF-9755259996C2}.Ad-Hoc|ARM.Deploy.0 = Ad-Hoc|iPhone
		{F74E50E5-727C-47EF-97CF-9755259996C2}.Ad-Hoc|iPhone.ActiveCfg = Ad-Hoc|iPhone
		{F74E50E5-727C-47EF-97CF-9755259996C2}.Ad-Hoc|iPhone.Build.0 = Ad-Hoc|iPhone
		{F74E50E5-727C-47EF-97CF-9755259996C2}.Ad-Hoc|iPhone.Deploy.0 = Ad-Hoc|iPhone
		{F74E50E5-727C-47EF-97CF-9755259996C2}.Ad-Hoc|iPhoneSimulator.ActiveCfg = Ad-Hoc|iPhoneSimulator
		{F74E50E5-727C-47EF-97CF-9755259996C2}.Ad-Hoc|iPhoneSimulator.Build.0 = Ad-Hoc|iPhoneSimulator
		{F74E50E5-727C-47EF-97CF-9755259996C2}.Ad-Hoc|iPhoneSimulator.Deploy.0 = Ad-Hoc|iPhoneSimulator
		{F74E50E5-727C-47EF-97CF-9755259996C2}.Ad-Hoc|x64.ActiveCfg = Ad-Hoc|iPhone
		{F74E50E5-727C-47EF-97CF-9755259996C2}.Ad-Hoc|x64.Build.0 = Ad-Hoc|iPhone
		{F74E50E5-727C-47EF-97CF-9755259996C2}.Ad-Hoc|x64.Deploy.0 = Ad-Hoc|iPhone
		{F74E50E5-727C-47EF-97CF-9755259996C2}.Ad-Hoc|x86.ActiveCfg = Ad-Hoc|iPhone
		{F74E50E5-727C-47EF-97CF-9755259996C2}.Ad-Hoc|x86.Build.0 = Ad-Hoc|iPhone
		{F74E50E5-727C-47EF-97CF-9755259996C2}.Ad-Hoc|x86.Deploy.0 = Ad-Hoc|iPhone
		{F74E50E5-727C-47EF-97CF-9755259996C2}.AppStore|Any CPU.ActiveCfg = AppStore|iPhone
		{F74E50E5-727C-47EF-97CF-9755259996C2}.AppStore|Any CPU.Build.0 = AppStore|iPhone
		{F74E50E5-727C-47EF-97CF-9755259996C2}.AppStore|Any CPU.Deploy.0 = AppStore|iPhone
		{F74E50E5-727C-47EF-97CF-9755259996C2}.AppStore|ARM.ActiveCfg = AppStore|iPhone
		{F74E50E5-727C-47EF-97CF-9755259996C2}.AppStore|ARM.Build.0 = AppStore|iPhone
		{F74E50E5-727C-47EF-97CF-9755259996C2}.AppStore|ARM.Deploy.0 = AppStore|iPhone
		{F74E50E5-727C-47EF-97CF-9755259996C2}.AppStore|iPhone.ActiveCfg = AppStore|iPhone
		{F74E50E5-727C-47EF-97CF-9755259996C2}.AppStore|iPhone.Build.0 = AppStore|iPhone
		{F74E50E5-727C-47EF-97CF-9755259996C2}.AppStore|iPhone.Deploy.0 = AppStore|iPhone
		{F74E50E5-727C-47EF-97CF-9755259996C2}.AppStore|iPhoneSimulator.ActiveCfg = AppStore|iPhoneSimulator
		{F74E50E5-727C-47EF-97CF-9755259996C2}.AppStore|iPhoneSimulator.Build.0 = AppStore|iPhoneSimulator
		{F74E50E5-727C-47EF-97CF-9755259996C2}.AppStore|iPhoneSimulator.Deploy.0 = AppStore|iPhoneSimulator
		{F74E50E5-727C-47EF-97CF-9755259996C2}.AppStore|x64.ActiveCfg = AppStore|iPhone
		{F74E50E5-727C-47EF-97CF-9755259996C2}.AppStore|x64.Build.0 = AppStore|iPhone
		{F74E50E5-727C-47EF-97CF-9755259996C2}.AppStore|x64.Deploy.0 = AppStore|iPhone
		{F74E50E5-727C-47EF-97CF-9755259996C2}.AppStore|x86.ActiveCfg = AppStore|iPhone
		{F74E50E5-727C-47EF-97CF-9755259996C2}.AppStore|x86.Build.0 = AppStore|iPhone
		{F74E50E5-727C-47EF-97CF-9755259996C2}.AppStore|x86.Deploy.0 = AppStore|iPhone
		{F74E50E5-727C-47EF-97CF-9755259996C2}.Debug|Any CPU.ActiveCfg = Debug|iPhoneSimulator
		{F74E50E5-727C-47EF-97CF-9755259996C2}.Debug|Any CPU.Build.0 = Debug|iPhoneSimulator
		{F74E50E5-727C-47EF-97CF-9755259996C2}.Debug|Any CPU.Deploy.0 = Debug|iPhoneSimulator
		{F74E50E5-727C-47EF-97CF-9755259996C2}.Debug|ARM.ActiveCfg = Debug|iPhone
		{F74E50E5-727C-47EF-97CF-9755259996C2}.Debug|ARM.Build.0 = Debug|iPhone
		{F74E50E5-727C-47EF-97CF-9755259996C2}.Debug|ARM.Deploy.0 = Debug|iPhone
		{F74E50E5-727C-47EF-97CF-9755259996C2}.Debug|iPhone.ActiveCfg = Debug|iPhone
		{F74E50E5-727C-47EF-97CF-9755259996C2}.Debug|iPhone.Build.0 = Debug|iPhone
		{F74E50E5-727C-47EF-97CF-9755259996C2}.Debug|iPhone.Deploy.0 = Debug|iPhone
		{F74E50E5-727C-47EF-97CF-9755259996C2}.Debug|iPhoneSimulator.ActiveCfg = Debug|iPhoneSimulator
		{F74E50E5-727C-47EF-97CF-9755259996C2}.Debug|iPhoneSimulator.Build.0 = Debug|iPhoneSimulator
		{F74E50E5-727C-47EF-97CF-9755259996C2}.Debug|iPhoneSimulator.Deploy.0 = Debug|iPhoneSimulator
		{F74E50E5-727C-47EF-97CF-9755259996C2}.Debug|x64.ActiveCfg = Debug|iPhone
		{F74E50E5-727C-47EF-97CF-9755259996C2}.Debug|x64.Build.0 = Debug|iPhone
		{F74E50E5-727C-47EF-97CF-9755259996C2}.Debug|x64.Deploy.0 = Debug|iPhone
		{F74E50E5-727C-47EF-97CF-9755259996C2}.Debug|x86.ActiveCfg = Debug|iPhone
		{F74E50E5-727C-47EF-97CF-9755259996C2}.Debug|x86.Build.0 = Debug|iPhone
		{F74E50E5-727C-47EF-97CF-9755259996C2}.Debug|x86.Deploy.0 = Debug|iPhone
		{F74E50E5-727C-47EF-97CF-9755259996C2}.Release|Any CPU.ActiveCfg = Release|iPhone
		{F74E50E5-727C-47EF-97CF-9755259996C2}.Release|Any CPU.Build.0 = Release|iPhone
		{F74E50E5-727C-47EF-97CF-9755259996C2}.Release|Any CPU.Deploy.0 = Release|iPhone
		{F74E50E5-727C-47EF-97CF-9755259996C2}.Release|ARM.ActiveCfg = Release|iPhone
		{F74E50E5-727C-47EF-97CF-9755259996C2}.Release|ARM.Build.0 = Release|iPhone
		{F74E50E5-727C-47EF-97CF-9755259996C2}.Release|ARM.Deploy.0 = Release|iPhone
		{F74E50E5-727C-47EF-97CF-9755259996C2}.Release|iPhone.ActiveCfg = Release|iPhone
		{F74E50E5-727C-47EF-97CF-9755259996C2}.Release|iPhone.Build.0 = Release|iPhone
		{F74E50E5-727C-47EF-97CF-9755259996C2}.Release|iPhone.Deploy.0 = Release|iPhone
		{F74E50E5-727C-47EF-97CF-9755259996C2}.Release|iPhoneSimulator.ActiveCfg = Release|iPhoneSimulator
		{F74E50E5-727C-47EF-97CF-9755259996C2}.Release|iPhoneSimulator.Build.0 = Release|iPhoneSimulator
		{F74E50E5-727C-47EF-97CF-9755259996C2}.Release|iPhoneSimulator.Deploy.0 = Release|iPhoneSimulator
		{F74E50E5-727C-47EF-97CF-9755259996C2}.Release|x64.ActiveCfg = Release|iPhone
		{F74E50E5-727C-47EF-97CF-9755259996C2}.Release|x64.Build.0 = Release|iPhone
		{F74E50E5-727C-47EF-97CF-9755259996C2}.Release|x64.Deploy.0 = Release|iPhone
		{F74E50E5-727C-47EF-97CF-9755259996C2}.Release|x86.ActiveCfg = Release|iPhone
		{F74E50E5-727C-47EF-97CF-9755259996C2}.Release|x86.Build.0 = Release|iPhone
		{F74E50E5-727C-47EF-97CF-9755259996C2}.Release|x86.Deploy.0 = Release|iPhone
		{A968C56F-FDE6-466B-8E2B-8CF3EC333BAE}.Ad-Hoc|Any CPU.ActiveCfg = Release|x86
		{A968C56F-FDE6-466B-8E2B-8CF3EC333BAE}.Ad-Hoc|Any CPU.Build.0 = Release|x86
		{A968C56F-FDE6-466B-8E2B-8CF3EC333BAE}.Ad-Hoc|Any CPU.Deploy.0 = Release|x86
		{A968C56F-FDE6-466B-8E2B-8CF3EC333BAE}.Ad-Hoc|ARM.ActiveCfg = Release|ARM
		{A968C56F-FDE6-466B-8E2B-8CF3EC333BAE}.Ad-Hoc|ARM.Build.0 = Release|ARM
		{A968C56F-FDE6-466B-8E2B-8CF3EC333BAE}.Ad-Hoc|ARM.Deploy.0 = Release|ARM
		{A968C56F-FDE6-466B-8E2B-8CF3EC333BAE}.Ad-Hoc|iPhone.ActiveCfg = Release|x86
		{A968C56F-FDE6-466B-8E2B-8CF3EC333BAE}.Ad-Hoc|iPhone.Build.0 = Release|x86
		{A968C56F-FDE6-466B-8E2B-8CF3EC333BAE}.Ad-Hoc|iPhone.Deploy.0 = Release|x86
		{A968C56F-FDE6-466B-8E2B-8CF3EC333BAE}.Ad-Hoc|iPhoneSimulator.ActiveCfg = Release|x86
		{A968C56F-FDE6-466B-8E2B-8CF3EC333BAE}.Ad-Hoc|iPhoneSimulator.Build.0 = Release|x86
		{A968C56F-FDE6-466B-8E2B-8CF3EC333BAE}.Ad-Hoc|iPhoneSimulator.Deploy.0 = Release|x86
		{A968C56F-FDE6-466B-8E2B-8CF3EC333BAE}.Ad-Hoc|x64.ActiveCfg = Release|x64
		{A968C56F-FDE6-466B-8E2B-8CF3EC333BAE}.Ad-Hoc|x64.Build.0 = Release|x64
		{A968C56F-FDE6-466B-8E2B-8CF3EC333BAE}.Ad-Hoc|x64.Deploy.0 = Release|x64
		{A968C56F-FDE6-466B-8E2B-8CF3EC333BAE}.Ad-Hoc|x86.ActiveCfg = Release|x86
		{A968C56F-FDE6-466B-8E2B-8CF3EC333BAE}.Ad-Hoc|x86.Build.0 = Release|x86
		{A968C56F-FDE6-466B-8E2B-8CF3EC333BAE}.Ad-Hoc|x86.Deploy.0 = Release|x86
		{A968C56F-FDE6-466B-8E2B-8CF3EC333BAE}.AppStore|Any CPU.ActiveCfg = Release|x86
		{A968C56F-FDE6-466B-8E2B-8CF3EC333BAE}.AppStore|Any CPU.Build.0 = Release|x86
		{A968C56F-FDE6-466B-8E2B-8CF3EC333BAE}.AppStore|Any CPU.Deploy.0 = Release|x86
		{A968C56F-FDE6-466B-8E2B-8CF3EC333BAE}.AppStore|ARM.ActiveCfg = Release|ARM
		{A968C56F-FDE6-466B-8E2B-8CF3EC333BAE}.AppStore|ARM.Build.0 = Release|ARM
		{A968C56F-FDE6-466B-8E2B-8CF3EC333BAE}.AppStore|ARM.Deploy.0 = Release|ARM
		{A968C56F-FDE6-466B-8E2B-8CF3EC333BAE}.AppStore|iPhone.ActiveCfg = Release|x86
		{A968C56F-FDE6-466B-8E2B-8CF3EC333BAE}.AppStore|iPhone.Build.0 = Release|x86
		{A968C56F-FDE6-466B-8E2B-8CF3EC333BAE}.AppStore|iPhone.Deploy.0 = Release|x86
		{A968C56F-FDE6-466B-8E2B-8CF3EC333BAE}.AppStore|iPhoneSimulator.ActiveCfg = Release|x86
		{A968C56F-FDE6-466B-8E2B-8CF3EC333BAE}.AppStore|iPhoneSimulator.Build.0 = Release|x86
		{A968C56F-FDE6-466B-8E2B-8CF3EC333BAE}.AppStore|iPhoneSimulator.Deploy.0 = Release|x86
		{A968C56F-FDE6-466B-8E2B-8CF3EC333BAE}.AppStore|x64.ActiveCfg = Release|x64
		{A968C56F-FDE6-466B-8E2B-8CF3EC333BAE}.AppStore|x64.Build.0 = Release|x64
		{A968C56F-FDE6-466B-8E2B-8CF3EC333BAE}.AppStore|x64.Deploy.0 = Release|x64
		{A968C56F-FDE6-466B-8E2B-8CF3EC333BAE}.AppStore|x86.ActiveCfg = Release|x86
		{A968C56F-FDE6-466B-8E2B-8CF3EC333BAE}.AppStore|x86.Build.0 = Release|x86
		{A968C56F-FDE6-466B-8E2B-8CF3EC333BAE}.AppStore|x86.Deploy.0 = Release|x86
		{A968C56F-FDE6-466B-8E2B-8CF3EC333BAE}.Debug|Any CPU.ActiveCfg = Debug|x86
		{A968C56F-FDE6-466B-8E2B-8CF3EC333BAE}.Debug|Any CPU.Build.0 = Debug|x86
		{A968C56F-FDE6-466B-8E2B-8CF3EC333BAE}.Debug|Any CPU.Deploy.0 = Debug|x86
		{A968C56F-FDE6-466B-8E2B-8CF3EC333BAE}.Debug|ARM.ActiveCfg = Debug|ARM
		{A968C56F-FDE6-466B-8E2B-8CF3EC333BAE}.Debug|ARM.Build.0 = Debug|ARM
		{A968C56F-FDE6-466B-8E2B-8CF3EC333BAE}.Debug|ARM.Deploy.0 = Debug|ARM
		{A968C56F-FDE6-466B-8E2B-8CF3EC333BAE}.Debug|iPhone.ActiveCfg = Debug|x86
		{A968C56F-FDE6-466B-8E2B-8CF3EC333BAE}.Debug|iPhone.Build.0 = Debug|x86
		{A968C56F-FDE6-466B-8E2B-8CF3EC333BAE}.Debug|iPhone.Deploy.0 = Debug|x86
		{A968C56F-FDE6-466B-8E2B-8CF3EC333BAE}.Debug|iPhoneSimulator.ActiveCfg = Debug|x86
		{A968C56F-FDE6-466B-8E2B-8CF3EC333BAE}.Debug|iPhoneSimulator.Build.0 = Debug|x86
		{A968C56F-FDE6-466B-8E2B-8CF3EC333BAE}.Debug|iPhoneSimulator.Deploy.0 = Debug|x86
		{A968C56F-FDE6-466B-8E2B-8CF3EC333BAE}.Debug|x64.ActiveCfg = Debug|x64
		{A968C56F-FDE6-466B-8E2B-8CF3EC333BAE}.Debug|x64.Build.0 = Debug|x64
		{A968C56F-FDE6-466B-8E2B-8CF3EC333BAE}.Debug|x64.Deploy.0 = Debug|x64
		{A968C56F-FDE6-466B-8E2B-8CF3EC333BAE}.Debug|x86.ActiveCfg = Debug|x86
		{A968C56F-FDE6-466B-8E2B-8CF3EC333BAE}.Debug|x86.Build.0 = Debug|x86
		{A968C56F-FDE6-466B-8E2B-8CF3EC333BAE}.Debug|x86.Deploy.0 = Debug|x86
		{A968C56F-FDE6-466B-8E2B-8CF3EC333BAE}.Release|Any CPU.ActiveCfg = Release|x86
		{A968C56F-FDE6-466B-8E2B-8CF3EC333BAE}.Release|Any CPU.Build.0 = Release|x86
		{A968C56F-FDE6-466B-8E2B-8CF3EC333BAE}.Release|Any CPU.Deploy.0 = Release|x86
		{A968C56F-FDE6-466B-8E2B-8CF3EC333BAE}.Release|ARM.ActiveCfg = Release|ARM
		{A968C56F-FDE6-466B-8E2B-8CF3EC333BAE}.Release|ARM.Build.0 = Release|ARM
		{A968C56F-FDE6-466B-8E2B-8CF3EC333BAE}.Release|ARM.Deploy.0 = Release|ARM
		{A968C56F-FDE6-466B-8E2B-8CF3EC333BAE}.Release|iPhone.ActiveCfg = Release|x86
		{A968C56F-FDE6-466B-8E2B-8CF3EC333BAE}.Release|iPhone.Build.0 = Release|x86
		{A968C56F-FDE6-466B-8E2B-8CF3EC333BAE}.Release|iPhone.Deploy.0 = Release|x86
		{A968C56F-FDE6-466B-8E2B-8CF3EC333BAE}.Release|iPhoneSimulator.ActiveCfg = Release|x86
		{A968C56F-FDE6-466B-8E2B-8CF3EC333BAE}.Release|iPhoneSimulator.Build.0 = Release|x86
		{A968C56F-FDE6-466B-8E2B-8CF3EC333BAE}.Release|iPhoneSimulator.Deploy.0 = Release|x86
		{A968C56F-FDE6-466B-8E2B-8CF3EC333BAE}.Release|x64.ActiveCfg = Release|x64
		{A968C56F-FDE6-466B-8E2B-8CF3EC333BAE}.Release|x64.Build.0 = Release|x64
		{A968C56F-FDE6-466B-8E2B-8CF3EC333BAE}.Release|x64.Deploy.0 = Release|x64
		{A968C56F-FDE6-466B-8E2B-8CF3EC333BAE}.Release|x86.ActiveCfg = Release|x86
		{A968C56F-FDE6-466B-8E2B-8CF3EC333BAE}.Release|x86.Build.0 = Release|x86
		{A968C56F-FDE6-466B-8E2B-8CF3EC333BAE}.Release|x86.Deploy.0 = Release|x86
		{079F434B-CB7C-4F35-902E-3AEBC6E1ABDD}.Ad-Hoc|Any CPU.ActiveCfg = Debug|Any CPU
		{079F434B-CB7C-4F35-902E-3AEBC6E1ABDD}.Ad-Hoc|Any CPU.Build.0 = Debug|Any CPU
		{079F434B-CB7C-4F35-902E-3AEBC6E1ABDD}.Ad-Hoc|Any CPU.Deploy.0 = Debug|Any CPU
		{079F434B-CB7C-4F35-902E-3AEBC6E1ABDD}.Ad-Hoc|ARM.ActiveCfg = Debug|Any CPU
		{079F434B-CB7C-4F35-902E-3AEBC6E1ABDD}.Ad-Hoc|ARM.Build.0 = Debug|Any CPU
		{079F434B-CB7C-4F35-902E-3AEBC6E1ABDD}.Ad-Hoc|ARM.Deploy.0 = Debug|Any CPU
		{079F434B-CB7C-4F35-902E-3AEBC6E1ABDD}.Ad-Hoc|iPhone.ActiveCfg = Debug|Any CPU
		{079F434B-CB7C-4F35-902E-3AEBC6E1ABDD}.Ad-Hoc|iPhone.Build.0 = Debug|Any CPU
		{079F434B-CB7C-4F35-902E-3AEBC6E1ABDD}.Ad-Hoc|iPhone.Deploy.0 = Debug|Any CPU
		{079F434B-CB7C-4F35-902E-3AEBC6E1ABDD}.Ad-Hoc|iPhoneSimulator.ActiveCfg = Debug|Any CPU
		{079F434B-CB7C-4F35-902E-3AEBC6E1ABDD}.Ad-Hoc|iPhoneSimulator.Build.0 = Debug|Any CPU
		{079F434B-CB7C-4F35-902E-3AEBC6E1ABDD}.Ad-Hoc|iPhoneSimulator.Deploy.0 = Debug|Any CPU
		{079F434B-CB7C-4F35-902E-3AEBC6E1ABDD}.Ad-Hoc|x64.ActiveCfg = Debug|Any CPU
		{079F434B-CB7C-4F35-902E-3AEBC6E1ABDD}.Ad-Hoc|x64.Build.0 = Debug|Any CPU
		{079F434B-CB7C-4F35-902E-3AEBC6E1ABDD}.Ad-Hoc|x64.Deploy.0 = Debug|Any CPU
		{079F434B-CB7C-4F35-902E-3AEBC6E1ABDD}.Ad-Hoc|x86.ActiveCfg = Debug|Any CPU
		{079F434B-CB7C-4F35-902E-3AEBC6E1ABDD}.Ad-Hoc|x86.Build.0 = Debug|Any CPU
		{079F434B-CB7C-4F35-902E-3AEBC6E1ABDD}.Ad-Hoc|x86.Deploy.0 = Debug|Any CPU
		{079F434B-CB7C-4F35-902E-3AEBC6E1ABDD}.AppStore|Any CPU.ActiveCfg = Debug|Any CPU
		{079F434B-CB7C-4F35-902E-3AEBC6E1ABDD}.AppStore|Any CPU.Build.0 = Debug|Any CPU
		{079F434B-CB7C-4F35-902E-3AEBC6E1ABDD}.AppStore|Any CPU.Deploy.0 = Debug|Any CPU
		{079F434B-CB7C-4F35-902E-3AEBC6E1ABDD}.AppStore|ARM.ActiveCfg = Debug|Any CPU
		{079F434B-CB7C-4F35-902E-3AEBC6E1ABDD}.AppStore|ARM.Build.0 = Debug|Any CPU
		{079F434B-CB7C-4F35-902E-3AEBC6E1ABDD}.AppStore|ARM.Deploy.0 = Debug|Any CPU
		{079F434B-CB7C-4F35-902E-3AEBC6E1ABDD}.AppStore|iPhone.ActiveCfg = Debug|Any CPU
		{079F434B-CB7C-4F35-902E-3AEBC6E1ABDD}.AppStore|iPhone.Build.0 = Debug|Any CPU
		{079F434B-CB7C-4F35-902E-3AEBC6E1ABDD}.AppStore|iPhone.Deploy.0 = Debug|Any CPU
		{079F434B-CB7C-4F35-902E-3AEBC6E1ABDD}.AppStore|iPhoneSimulator.ActiveCfg = Debug|Any CPU
		{079F434B-CB7C-4F35-902E-3AEBC6E1ABDD}.AppStore|iPhoneSimulator.Build.0 = Debug|Any CPU
		{079F434B-CB7C-4F35-902E-3AEBC6E1ABDD}.AppStore|iPhoneSimulator.Deploy.0 = Debug|Any CPU
		{079F434B-CB7C-4F35-902E-3AEBC6E1ABDD}.AppStore|x64.ActiveCfg = Debug|Any CPU
		{079F434B-CB7C-4F35-902E-3AEBC6E1ABDD}.AppStore|x64.Build.0 = Debug|Any CPU
		{079F434B-CB7C-4F35-902E-3AEBC6E1ABDD}.AppStore|x64.Deploy.0 = Debug|Any CPU
		{079F434B-CB7C-4F35-902E-3AEBC6E1ABDD}.AppStore|x86.ActiveCfg = Debug|Any CPU
		{079F434B-CB7C-4F35-902E-3AEBC6E1ABDD}.AppStore|x86.Build.0 = Debug|Any CPU
		{079F434B-CB7C-4F35-902E-3AEBC6E1ABDD}.AppStore|x86.Deploy.0 = Debug|Any CPU
		{079F434B-CB7C-4F35-902E-3AEBC6E1ABDD}.Debug|Any CPU.ActiveCfg = Debug|Any CPU
		{079F434B-CB7C-4F35-902E-3AEBC6E1ABDD}.Debug|Any CPU.Build.0 = Debug|Any CPU
		{079F434B-CB7C-4F35-902E-3AEBC6E1ABDD}.Debug|Any CPU.Deploy.0 = Debug|Any CPU
		{079F434B-CB7C-4F35-902E-3AEBC6E1ABDD}.Debug|ARM.ActiveCfg = Debug|Any CPU
		{079F434B-CB7C-4F35-902E-3AEBC6E1ABDD}.Debug|ARM.Build.0 = Debug|Any CPU
		{079F434B-CB7C-4F35-902E-3AEBC6E1ABDD}.Debug|ARM.Deploy.0 = Debug|Any CPU
		{079F434B-CB7C-4F35-902E-3AEBC6E1ABDD}.Debug|iPhone.ActiveCfg = Debug|Any CPU
		{079F434B-CB7C-4F35-902E-3AEBC6E1ABDD}.Debug|iPhone.Build.0 = Debug|Any CPU
		{079F434B-CB7C-4F35-902E-3AEBC6E1ABDD}.Debug|iPhone.Deploy.0 = Debug|Any CPU
		{079F434B-CB7C-4F35-902E-3AEBC6E1ABDD}.Debug|iPhoneSimulator.ActiveCfg = Debug|Any CPU
		{079F434B-CB7C-4F35-902E-3AEBC6E1ABDD}.Debug|iPhoneSimulator.Build.0 = Debug|Any CPU
		{079F434B-CB7C-4F35-902E-3AEBC6E1ABDD}.Debug|iPhoneSimulator.Deploy.0 = Debug|Any CPU
		{079F434B-CB7C-4F35-902E-3AEBC6E1ABDD}.Debug|x64.ActiveCfg = Debug|Any CPU
		{079F434B-CB7C-4F35-902E-3AEBC6E1ABDD}.Debug|x64.Build.0 = Debug|Any CPU
		{079F434B-CB7C-4F35-902E-3AEBC6E1ABDD}.Debug|x64.Deploy.0 = Debug|Any CPU
		{079F434B-CB7C-4F35-902E-3AEBC6E1ABDD}.Debug|x86.ActiveCfg = Debug|Any CPU
		{079F434B-CB7C-4F35-902E-3AEBC6E1ABDD}.Debug|x86.Build.0 = Debug|Any CPU
		{079F434B-CB7C-4F35-902E-3AEBC6E1ABDD}.Debug|x86.Deploy.0 = Debug|Any CPU
		{079F434B-CB7C-4F35-902E-3AEBC6E1ABDD}.Release|Any CPU.ActiveCfg = Release|Any CPU
		{079F434B-CB7C-4F35-902E-3AEBC6E1ABDD}.Release|Any CPU.Build.0 = Release|Any CPU
		{079F434B-CB7C-4F35-902E-3AEBC6E1ABDD}.Release|Any CPU.Deploy.0 = Release|Any CPU
		{079F434B-CB7C-4F35-902E-3AEBC6E1ABDD}.Release|ARM.ActiveCfg = Release|Any CPU
		{079F434B-CB7C-4F35-902E-3AEBC6E1ABDD}.Release|ARM.Build.0 = Release|Any CPU
		{079F434B-CB7C-4F35-902E-3AEBC6E1ABDD}.Release|ARM.Deploy.0 = Release|Any CPU
		{079F434B-CB7C-4F35-902E-3AEBC6E1ABDD}.Release|iPhone.ActiveCfg = Release|Any CPU
		{079F434B-CB7C-4F35-902E-3AEBC6E1ABDD}.Release|iPhone.Build.0 = Release|Any CPU
		{079F434B-CB7C-4F35-902E-3AEBC6E1ABDD}.Release|iPhone.Deploy.0 = Release|Any CPU
		{079F434B-CB7C-4F35-902E-3AEBC6E1ABDD}.Release|iPhoneSimulator.ActiveCfg = Release|Any CPU
		{079F434B-CB7C-4F35-902E-3AEBC6E1ABDD}.Release|iPhoneSimulator.Build.0 = Release|Any CPU
		{079F434B-CB7C-4F35-902E-3AEBC6E1ABDD}.Release|iPhoneSimulator.Deploy.0 = Release|Any CPU
		{079F434B-CB7C-4F35-902E-3AEBC6E1ABDD}.Release|x64.ActiveCfg = Release|Any CPU
		{079F434B-CB7C-4F35-902E-3AEBC6E1ABDD}.Release|x64.Build.0 = Release|Any CPU
		{079F434B-CB7C-4F35-902E-3AEBC6E1ABDD}.Release|x64.Deploy.0 = Release|Any CPU
		{079F434B-CB7C-4F35-902E-3AEBC6E1ABDD}.Release|x86.ActiveCfg = Release|Any CPU
		{079F434B-CB7C-4F35-902E-3AEBC6E1ABDD}.Release|x86.Build.0 = Release|Any CPU
		{079F434B-CB7C-4F35-902E-3AEBC6E1ABDD}.Release|x86.Deploy.0 = Release|Any CPU
	EndGlobalSection
	GlobalSection(SolutionProperties) = preSolution
		HideSolutionNode = FALSE
	EndGlobalSection
	GlobalSection(ExtensibilityGlobals) = postSolution
		SolutionGuid = {B17223C8-B569-483F-95B1-395EEFDBEC7E}
	EndGlobalSection
EndGlobal
